
Microsoft Visual Studio Solution File, Format Version 12.00
# Visual Studio Version 16
VisualStudioVersion = 16.0.29215.179
MinimumVisualStudioVersion = 10.0.40219.1
Project("{FAE04EC0-301F-11D3-BF4B-00C04F79EFBC}") = "UItoDB", "UItoDB.csproj", "{3BE566CA-BA79-452F-9B5D-616C5C863207}"
EndProject
Project("{FAE04EC0-301F-11D3-BF4B-00C04F79EFBC}") = "BinDAL", "..\BinDAL\BinDAL.csproj", "{7037F60D-3952-40EC-B6F6-05ECB2F191EE}"
EndProject
Project("{FAE04EC0-301F-11D3-BF4B-00C04F79EFBC}") = "BinBLL", "..\BinBLL\BinBLL.csproj", "{6EB1D4EB-F4D5-4521-BCCA-6F939512FB38}"
EndProject
Project("{FAE04EC0-301F-11D3-BF4B-00C04F79EFBC}") = "SqlHelper", "..\SqlHelper\SqlHelper.csproj", "{9CBF7037-E206-4321-9C7F-6D30C6716EEE}"
EndProject
Global
	GlobalSection(SolutionConfigurationPlatforms) = preSolution
		Debug|Any CPU = Debug|Any CPU
		Debug|ARM = Debug|ARM
		Debug|ARM64 = Debug|ARM64
		Debug|x64 = Debug|x64
		Debug|x86 = Debug|x86
		Release|Any CPU = Release|Any CPU
		Release|ARM = Release|ARM
		Release|ARM64 = Release|ARM64
		Release|x64 = Release|x64
		Release|x86 = Release|x86
	EndGlobalSection
	GlobalSection(ProjectConfigurationPlatforms) = postSolution
		{3BE566CA-BA79-452F-9B5D-616C5C863207}.Debug|Any CPU.ActiveCfg = Debug|Any CPU
		{3BE566CA-BA79-452F-9B5D-616C5C863207}.Debug|Any CPU.Build.0 = Debug|Any CPU
		{3BE566CA-BA79-452F-9B5D-616C5C863207}.Debug|ARM.ActiveCfg = Debug|Any CPU
		{3BE566CA-BA79-452F-9B5D-616C5C863207}.Debug|ARM.Build.0 = Debug|Any CPU
		{3BE566CA-BA79-452F-9B5D-616C5C863207}.Debug|ARM64.ActiveCfg = Debug|Any CPU
		{3BE566CA-BA79-452F-9B5D-616C5C863207}.Debug|ARM64.Build.0 = Debug|Any CPU
		{3BE566CA-BA79-452F-9B5D-616C5C863207}.Debug|x64.ActiveCfg = Debug|Any CPU
		{3BE566CA-BA79-452F-9B5D-616C5C863207}.Debug|x64.Build.0 = Debug|Any CPU
		{3BE566CA-BA79-452F-9B5D-616C5C863207}.Debug|x86.ActiveCfg = Debug|Any CPU
		{3BE566CA-BA79-452F-9B5D-616C5C863207}.Debug|x86.Build.0 = Debug|Any CPU
		{3BE566CA-BA79-452F-9B5D-616C5C863207}.Release|Any CPU.ActiveCfg = Release|Any CPU
		{3BE566CA-BA79-452F-9B5D-616C5C863207}.Release|Any CPU.Build.0 = Release|Any CPU
		{3BE566CA-BA79-452F-9B5D-616C5C863207}.Release|ARM.ActiveCfg = Release|Any CPU
		{3BE566CA-BA79-452F-9B5D-616C5C863207}.Release|ARM.Build.0 = Release|Any CPU
		{3BE566CA-BA79-452F-9B5D-616C5C863207}.Release|ARM64.ActiveCfg = Release|Any CPU
		{3BE566CA-BA79-452F-9B5D-616C5C863207}.Release|ARM64.Build.0 = Release|Any CPU
		{3BE566CA-BA79-452F-9B5D-616C5C863207}.Release|x64.ActiveCfg = Release|Any CPU
		{3BE566CA-BA79-452F-9B5D-616C5C863207}.Release|x64.Build.0 = Release|Any CPU
		{3BE566CA-BA79-452F-9B5D-616C5C863207}.Release|x86.ActiveCfg = Release|Any CPU
		{3BE566CA-BA79-452F-9B5D-616C5C863207}.Release|x86.Build.0 = Release|Any CPU
		{7037F60D-3952-40EC-B6F6-05ECB2F191EE}.Debug|Any CPU.ActiveCfg = Debug|Any CPU
		{7037F60D-3952-40EC-B6F6-05ECB2F191EE}.Debug|Any CPU.Build.0 = Debug|Any CPU
		{7037F60D-3952-40EC-B6F6-05ECB2F191EE}.Debug|ARM.ActiveCfg = Debug|Any CPU
		{7037F60D-3952-40EC-B6F6-05ECB2F191EE}.Debug|ARM.Build.0 = Debug|Any CPU
		{7037F60D-3952-40EC-B6F6-05ECB2F191EE}.Debug|ARM64.ActiveCfg = Debug|Any CPU
		{7037F60D-3952-40EC-B6F6-05ECB2F191EE}.Debug|ARM64.Build.0 = Debug|Any CPU
		{7037F60D-3952-40EC-B6F6-05ECB2F191EE}.Debug|x64.ActiveCfg = Debug|Any CPU
		{7037F60D-3952-40EC-B6F6-05ECB2F191EE}.Debug|x64.Build.0 = Debug|Any CPU
		{7037F60D-3952-40EC-B6F6-05ECB2F191EE}.Debug|x86.ActiveCfg = Debug|Any CPU
		{7037F60D-3952-40EC-B6F6-05ECB2F191EE}.Debug|x86.Build.0 = Debug|Any CPU
		{7037F60D-3952-40EC-B6F6-05ECB2F191EE}.Release|Any CPU.ActiveCfg = Release|Any CPU
		{7037F60D-3952-40EC-B6F6-05ECB2F191EE}.Release|Any CPU.Build.0 = Release|Any CPU
		{7037F60D-3952-40EC-B6F6-05ECB2F191EE}.Release|ARM.ActiveCfg = Release|Any CPU
		{7037F60D-3952-40EC-B6F6-05ECB2F191EE}.Release|ARM.Build.0 = Release|Any CPU
		{7037F60D-3952-40EC-B6F6-05ECB2F191EE}.Release|ARM64.ActiveCfg = Release|Any CPU
		{7037F60D-3952-40EC-B6F6-05ECB2F191EE}.Release|ARM64.Build.0 = Release|Any CPU
		{7037F60D-3952-40EC-B6F6-05ECB2F191EE}.Release|x64.ActiveCfg = Release|Any CPU
		{7037F60D-3952-40EC-B6F6-05ECB2F191EE}.Release|x64.Build.0 = Release|Any CPU
		{7037F60D-3952-40EC-B6F6-05ECB2F191EE}.Release|x86.ActiveCfg = Release|Any CPU
		{7037F60D-3952-40EC-B6F6-05ECB2F191EE}.Release|x86.Build.0 = Release|Any CPU
		{6EB1D4EB-F4D5-4521-BCCA-6F939512FB38}.Debug|Any CPU.ActiveCfg = Debug|Any CPU
		{6EB1D4EB-F4D5-4521-BCCA-6F939512FB38}.Debug|Any CPU.Build.0 = Debug|Any CPU
		{6EB1D4EB-F4D5-4521-BCCA-6F939512FB38}.Debug|ARM.ActiveCfg = Debug|Any CPU
		{6EB1D4EB-F4D5-4521-BCCA-6F939512FB38}.Debug|ARM.Build.0 = Debug|Any CPU
		{6EB1D4EB-F4D5-4521-BCCA-6F939512FB38}.Debug|ARM64.ActiveCfg = Debug|Any CPU
		{6EB1D4EB-F4D5-4521-BCCA-6F939512FB38}.Debug|ARM64.Build.0 = Debug|Any CPU
		{6EB1D4EB-F4D5-4521-BCCA-6F939512FB38}.Debug|x64.ActiveCfg = Debug|Any CPU
		{6EB1D4EB-F4D5-4521-BCCA-6F939512FB38}.Debug|x64.Build.0 = Debug|Any CPU
		{6EB1D4EB-F4D5-4521-BCCA-6F939512FB38}.Debug|x86.ActiveCfg = Debug|Any CPU
		{6EB1D4EB-F4D5-4521-BCCA-6F939512FB38}.Debug|x86.Build.0 = Debug|Any CPU
		{6EB1D4EB-F4D5-4521-BCCA-6F939512FB38}.Release|Any CPU.ActiveCfg = Release|Any CPU
		{6EB1D4EB-F4D5-4521-BCCA-6F939512FB38}.Release|Any CPU.Build.0 = Release|Any CPU
		{6EB1D4EB-F4D5-4521-BCCA-6F939512FB38}.Release|ARM.ActiveCfg = Release|Any CPU
		{6EB1D4EB-F4D5-4521-BCCA-6F939512FB38}.Release|ARM.Build.0 = Release|Any CPU
		{6EB1D4EB-F4D5-4521-BCCA-6F939512FB38}.Release|ARM64.ActiveCfg = Release|Any CPU
		{6EB1D4EB-F4D5-4521-BCCA-6F939512FB38}.Release|ARM64.Build.0 = Release|Any CPU
		{6EB1D4EB-F4D5-4521-BCCA-6F939512FB38}.Release|x64.ActiveCfg = Release|Any CPU
		{6EB1D4EB-F4D5-4521-BCCA-6F939512FB38}.Release|x64.Build.0 = Release|Any CPU
		{6EB1D4EB-F4D5-4521-BCCA-6F939512FB38}.Release|x86.ActiveCfg = Release|Any CPU
		{6EB1D4EB-F4D5-4521-BCCA-6F939512FB38}.Release|x86.Build.0 = Release|Any CPU
		{9CBF7037-E206-4321-9C7F-6D30C6716EEE}.Debug|Any CPU.ActiveCfg = Debug|Any CPU
		{9CBF7037-E206-4321-9C7F-6D30C6716EEE}.Debug|Any CPU.Build.0 = Debug|Any CPU
		{9CBF7037-E206-4321-9C7F-6D30C6716EEE}.Debug|ARM.ActiveCfg = Debug|Any CPU
		{9CBF7037-E206-4321-9C7F-6D30C6716EEE}.Debug|ARM.Build.0 = Debug|Any CPU
		{9CBF7037-E206-4321-9C7F-6D30C6716EEE}.Debug|ARM64.ActiveCfg = Debug|Any CPU
		{9CBF7037-E206-4321-9C7F-6D30C6716EEE}.Debug|ARM64.Build.0 = Debug|Any CPU
		{9CBF7037-E206-4321-9C7F-6D30C6716EEE}.Debug|x64.ActiveCfg = Debug|Any CPU
		{9CBF7037-E206-4321-9C7F-6D30C6716EEE}.Debug|x64.Build.0 = Debug|Any CPU
		{9CBF7037-E206-4321-9C7F-6D30C6716EEE}.Debug|x86.ActiveCfg = Debug|Any CPU
		{9CBF7037-E206-4321-9C7F-6D30C6716EEE}.Debug|x86.Build.0 = Debug|Any CPU
		{9CBF7037-E206-4321-9C7F-6D30C6716EEE}.Release|Any CPU.ActiveCfg = Release|Any CPU
		{9CBF7037-E206-4321-9C7F-6D30C6716EEE}.Release|Any CPU.Build.0 = Release|Any CPU
		{9CBF7037-E206-4321-9C7F-6D30C6716EEE}.Release|ARM.ActiveCfg = Release|Any CPU
		{9CBF7037-E206-4321-9C7F-6D30C6716EEE}.Release|ARM.Build.0 = Release|Any CPU
		{9CBF7037-E206-4321-9C7F-6D30C6716EEE}.Release|ARM64.ActiveCfg = Release|Any CPU
		{9CBF7037-E206-4321-9C7F-6D30C6716EEE}.Release|ARM64.Build.0 = Release|Any CPU
		{9CBF7037-E206-4321-9C7F-6D30C6716EEE}.Release|x64.ActiveCfg = Release|Any CPU
		{9CBF7037-E206-4321-9C7F-6D30C6716EEE}.Release|x64.Build.0 = Release|Any CPU
		{9CBF7037-E206-4321-9C7F-6D30C6716EEE}.Release|x86.ActiveCfg = Release|Any CPU
		{9CBF7037-E206-4321-9C7F-6D30C6716EEE}.Release|x86.Build.0 = Release|Any CPU
	EndGlobalSection
	GlobalSection(SolutionProperties) = preSolution
		HideSolutionNode = FALSE
	EndGlobalSection
	GlobalSection(ExtensibilityGlobals) = postSolution
		SolutionGuid = {A51179E1-D7AF-4A12-9D07-1141C0A55CDC}
	EndGlobalSection
EndGlobal
